{
  "name": "@shopify/slate",
  "version": "0.11.0",
  "lockfileVersion": 1,
  "requires": true,
  "dependencies": {
    "@shopify/commander": {
      "version": "2.9.2",
      "resolved": "https://registry.npmjs.org/@shopify/commander/-/commander-2.9.2.tgz",
      "integrity": "sha1-9L3IrloqRepxt/a3C1R2wGhYBKw="
    },
    "babel-cli": {
      "version": "6.18.0",
      "resolved": "https://registry.npmjs.org/babel-cli/-/babel-cli-6.18.0.tgz",
      "integrity": "sha1-khF/NBrdnerZD2+n0Kl8DMCOwYY=",
      "dev": true,
      "dependencies": {
        "glob": {
          "version": "5.0.15",
          "resolved": "https://registry.npmjs.org/glob/-/glob-5.0.15.tgz",
          "integrity": "sha1-G8k2ueAvSmA/zCIuz3Yz0wuLk7E="
        }
      }
    },
    "babel-core": {
      "version": "6.18.2",
      "resolved": "https://registry.npmjs.org/babel-core/-/babel-core-6.18.2.tgz",
      "integrity": "sha1-2LsU3WmG+k81ZqJs7aOWT6DgTls=",
      "dev": true
    },
    "babel-plugin-add-shopify-header": {
      "version": "1.0.6",
      "resolved": "https://registry.npmjs.org/babel-plugin-add-shopify-header/-/babel-plugin-add-shopify-header-1.0.6.tgz",
      "integrity": "sha1-iuU77x1HSyiycsj8p7a5slSV29w=",
      "dev": true
    },
    "babel-plugin-transform-async-to-generator": {
      "version": "6.16.0",
      "resolved": "https://registry.npmjs.org/babel-plugin-transform-async-to-generator/-/babel-plugin-transform-async-to-generator-6.16.0.tgz",
      "integrity": "sha1-Gew2yxSGtZ+fRorfpCzhOQjKKZk=",
      "dev": true
    },
    "babel-polyfill": {
      "version": "6.16.0",
      "resolved": "https://registry.npmjs.org/babel-polyfill/-/babel-polyfill-6.16.0.tgz",
      "integrity": "sha1-LUUCHfh+JqN0ttTRqcZZZNF/JCI="
    },
    "babel-preset-shopify": {
      "version": "15.0.1",
      "resolved": "https://registry.npmjs.org/babel-preset-shopify/-/babel-preset-shopify-15.0.1.tgz",
      "integrity": "sha1-kLKUfODO2hFe7h4YHTTe/i2nEC8=",
      "dev": true
    },
    "babel-register": {
      "version": "6.18.0",
      "resolved": "https://registry.npmjs.org/babel-register/-/babel-register-6.18.0.tgz",
      "integrity": "sha1-iS4uA4ZQeN2QrSxxURHsREmzKmg=",
      "dev": true
    },
    "chalk": {
      "version": "1.1.3",
      "resolved": "https://registry.npmjs.org/chalk/-/chalk-1.1.3.tgz",
      "integrity": "sha1-qBFcVeSnAv5NFQq9OHKCKn4J/Jg="
    },
    "cross-spawn": {
      "version": "5.0.1",
      "resolved": "https://registry.npmjs.org/cross-spawn/-/cross-spawn-5.0.1.tgz",
      "integrity": "sha1-o7uzAtsil8vqPATt82lB9GE6o5k="
    },
    "debug": {
      "version": "2.6.9",
      "resolved": "https://registry.npmjs.org/debug/-/debug-2.6.9.tgz",
      "integrity": "sha512-bC7ElrdJaJnPbAP+1EotYvqZsb3ecl5wi6Bfi6BJTUcNowp6cvspg0jXznRTKDjm/E7AdgFBVeAPVMNcKGsHMA==",
      "requires": {
        "ms": "2.0.0"
      },
      "dependencies": {
        "ms": {
          "version": "2.0.0",
          "resolved": "https://registry.npmjs.org/ms/-/ms-2.0.0.tgz",
          "integrity": "sha512-Tpp60P6IUJDTuOq/5Z8cdskzJujfwqfOTkrwIwj7IRISpnkJnT6SyJ4PCPnGMoFjC9ddhal5KVIYtAt97ix05A=="
        }
      }
    },
    "eslint": {
      "version": "3.10.2",
      "resolved": "https://registry.npmjs.org/eslint/-/eslint-3.10.2.tgz",
      "integrity": "sha1-yaEOi/bp1lZRIEd4xQM0Hx6sPOc=",
      "dev": true,
      "dependencies": {
        "figures": {
          "version": "1.7.0",
          "resolved": "https://registry.npmjs.org/figures/-/figures-1.7.0.tgz",
          "integrity": "sha1-y+Hjr/zxzUS4DK3+0o3Hk6lwHS4="
        },
        "glob": {
          "version": "7.1.2",
          "resolved": "https://registry.npmjs.org/glob/-/glob-7.1.2.tgz",
          "integrity": "sha512-MJTUg1kjuLeQCJ+ccE4Vpa6kKVXkPYJ2mOCQyUuKLcLQsdrMCpBPUi8qVE6+YuaJkozeA9NusTAw3hLr8Xe5EQ=="
        },
        "inquirer": {
          "version": "0.12.0",
          "resolved": "https://registry.npmjs.org/inquirer/-/inquirer-0.12.0.tgz",
          "integrity": "sha1-HvK/1jUE3wvHV4X/+MLEHfEvB34="
        },
        "run-async": {
          "version": "0.1.0",
          "resolved": "https://registry.npmjs.org/run-async/-/run-async-0.1.0.tgz",
          "integrity": "sha1-yK1KXhEGYeQCp9IbUw4AnyX444k="
        },
        "shelljs": {
          "version": "0.7.8",
          "resolved": "https://registry.npmjs.org/shelljs/-/shelljs-0.7.8.tgz",
          "integrity": "sha1-3svPh0sNHl+3LhSxZKloMEjprLM="
        },
        "strip-json-comments": {
          "version": "1.0.4",
          "resolved": "https://registry.npmjs.org/strip-json-comments/-/strip-json-comments-1.0.4.tgz",
          "integrity": "sha1-HhX7ysl9Pumb8tc7TGVrCCu6+5E="
        },
        "user-home": {
          "version": "2.0.0",
          "resolved": "https://registry.npmjs.org/user-home/-/user-home-2.0.0.tgz",
          "integrity": "sha1-nHC/2Babwdy/SGBODwS4tJzenp8="
        }
      }
    },
    "eslint-plugin-node": {
      "version": "3.0.4",
      "resolved": "https://registry.npmjs.org/eslint-plugin-node/-/eslint-plugin-node-3.0.4.tgz",
      "integrity": "sha1-4akfWA7AgeTtqSdyMiEDIw+feig=",
      "dev": true
    },
    "eslint-plugin-shopify": {
      "version": "15.1.0",
      "resolved": "https://registry.npmjs.org/eslint-plugin-shopify/-/eslint-plugin-shopify-15.1.0.tgz",
      "integrity": "sha1-Bp6+r9nH/Ku93GWj8DYXc2g/EUg=",
      "dev": true,
      "dependencies": {
        "eslint-plugin-node": {
          "version": "2.1.4",
          "resolved": "https://registry.npmjs.org/eslint-plugin-node/-/eslint-plugin-node-2.1.4.tgz",
          "integrity": "sha1-YKBNcdlRLXKAGqxaGELKdEzY7sY="
        }
      }
    },
    "figures": {
      "version": "2.0.0",
      "resolved": "https://registry.npmjs.org/figures/-/figures-2.0.0.tgz",
      "integrity": "sha1-OrGi0qYsi/tDGgyUy3l6L84nyWI="
    },
    "find-root": {
      "version": "1.0.0",
      "resolved": "https://registry.npmjs.org/find-root/-/find-root-1.0.0.tgz",
      "integrity": "sha1-li/yEaqyXGUg/u641ih/j26VgHo="
    },
    "inquirer": {
      "version": "1.2.3",
      "resolved": "https://registry.npmjs.org/inquirer/-/inquirer-1.2.3.tgz",
      "integrity": "sha1-TexvMvN+97sLLtPx0aXD9UUHSRg=",
      "dependencies": {
        "figures": {
          "version": "1.7.0",
          "resolved": "https://registry.npmjs.org/figures/-/figures-1.7.0.tgz",
          "integrity": "sha1-y+Hjr/zxzUS4DK3+0o3Hk6lwHS4="
        }
      }
    },
    "mv": {
      "version": "2.1.1",
      "resolved": "https://registry.npmjs.org/mv/-/mv-2.1.1.tgz",
      "integrity": "sha1-rmzg1vbV4KT32JN5jQPB6pVZtqI=",
      "dependencies": {
        "rimraf": {
          "version": "2.4.5",
          "resolved": "https://registry.npmjs.org/rimraf/-/rimraf-2.4.5.tgz",
          "integrity": "sha1-7nEM5dk6j9uFb7Xqj/Di11k0sto="
        }
      }
    },
    "rimraf": {
      "version": "2.5.4",
      "resolved": "https://registry.npmjs.org/rimraf/-/rimraf-2.5.4.tgz",
      "integrity": "sha1-loAAk8vxoMhr2VtGJUZ1NcKd+gQ=",
      "dependencies": {
        "glob": {
          "version": "7.1.2",
          "resolved": "https://registry.npmjs.org/glob/-/glob-7.1.2.tgz",
          "integrity": "sha512-MJTUg1kjuLeQCJ+ccE4Vpa6kKVXkPYJ2mOCQyUuKLcLQsdrMCpBPUi8qVE6+YuaJkozeA9NusTAw3hLr8Xe5EQ=="
        }
      }
    },
    "unzip2": {
      "version": "0.2.5",
      "resolved": "https://registry.npmjs.org/unzip2/-/unzip2-0.2.5.tgz",
      "integrity": "sha1-TveleaeMFcUfVQ9qBT2xlBSciZI=",
      "dependencies": {
        "isarray": {
          "version": "0.0.1",
          "resolved": "https://registry.npmjs.org/isarray/-/isarray-0.0.1.tgz",
          "integrity": "sha1-ihis/Kmo9Bd+Cav8YDiTmwXR7t8="
        },
        "readable-stream": {
          "version": "1.0.34",
          "resolved": "https://registry.npmjs.org/readable-stream/-/readable-stream-1.0.34.tgz",
          "integrity": "sha1-Elgg40vIQtLyqq+v5MKRbuMsFXw="
        },
        "string_decoder": {
          "version": "0.10.31",
          "resolved": "https://registry.npmjs.org/string_decoder/-/string_decoder-0.10.31.tgz",
          "integrity": "sha1-YuIDvEF2bGwoyfyEMB2rHFMQ+pQ="
        }
      }
    },
    "update-notifier": {
      "version": "1.0.2",
      "resolved": "https://registry.npmjs.org/update-notifier/-/update-notifier-1.0.2.tgz",
      "integrity": "sha1-J8kFGRltwVAVvgKjTqUphv6riHc="
    }
  }
}
